
Microsoft Visual Studio Solution File, Format Version 12.00
# Visual Studio Version 17
VisualStudioVersion = 17.8.34316.72
MinimumVisualStudioVersion = 10.0.40219.1
Project("{9A19103F-16F7-4668-BE54-9A1E7A4F7556}") = "ModernDesign", "ModernDesign\ModernDesign.csproj", "{AD834B0B-2DE5-4FF1-907A-4DB14DB4ED5C}"
EndProject
Project("{2150E333-8FDC-42A3-9474-1A3956D46DE8}") = "Solution Items", "Solution Items", "{B5EA4A86-2663-48F5-9AF6-106578C45E07}"
	ProjectSection(SolutionItems) = preProject
		.editorconfig = .editorconfig
	EndProjectSection
EndProject
Global
	GlobalSection(SolutionConfigurationPlatforms) = preSolution
		Debug|Any CPU = Debug|Any CPU
		Release|Any CPU = Release|Any CPU
	EndGlobalSection
	GlobalSection(ProjectConfigurationPlatforms) = postSolution
		{AD834B0B-2DE5-4FF1-907A-4DB14DB4ED5C}.Debug|Any CPU.ActiveCfg = Debug|Any CPU
		{AD834B0B-2DE5-4FF1-907A-4DB14DB4ED5C}.Debug|Any CPU.Build.0 = Debug|Any CPU
		{AD834B0B-2DE5-4FF1-907A-4DB14DB4ED5C}.Release|Any CPU.ActiveCfg = Release|Any CPU
		{AD834B0B-2DE5-4FF1-907A-4DB14DB4ED5C}.Release|Any CPU.Build.0 = Release|Any CPU
	EndGlobalSection
	GlobalSection(SolutionProperties) = preSolution
		HideSolutionNode = FALSE
	EndGlobalSection
	GlobalSection(ExtensibilityGlobals) = postSolution
		SolutionGuid = {AB0DDA3B-E047-4ECE-A3BF-B69FC3E917BF}
	EndGlobalSection
EndGlobal
